
Microsoft Visual Studio Solution File, Format Version 12.00
# Visual Studio Version 16
VisualStudioVersion = 16.0.28803.452
MinimumVisualStudioVersion = 10.0.40219.1
Project("{2150E333-8FDC-42A3-9474-1A3956D46DE8}") = "GhGlobal", "GhGlobal", "{8D1BFD1E-CF3C-4803-B458-8E323E3AE163}"
EndProject
Project("{9A19103F-16F7-4668-BE54-9A1E7A4F7556}") = "GhGlobal_Adm", "GhGlobal_Adm\GhGlobal_Adm.csproj", "{2C96B0EA-721D-4C7C-BF8A-DAEBBAF077D9}"
EndProject
Global
	GlobalSection(SolutionConfigurationPlatforms) = preSolution
		Debug|Any CPU = Debug|Any CPU
		Release|Any CPU = Release|Any CPU
	EndGlobalSection
	GlobalSection(ProjectConfigurationPlatforms) = postSolution
		{2C96B0EA-721D-4C7C-BF8A-DAEBBAF077D9}.Debug|Any CPU.ActiveCfg = Debug|Any CPU
		{2C96B0EA-721D-4C7C-BF8A-DAEBBAF077D9}.Debug|Any CPU.Build.0 = Debug|Any CPU
		{2C96B0EA-721D-4C7C-BF8A-DAEBBAF077D9}.Release|Any CPU.ActiveCfg = Release|Any CPU
		{2C96B0EA-721D-4C7C-BF8A-DAEBBAF077D9}.Release|Any CPU.Build.0 = Release|Any CPU
	EndGlobalSection
	GlobalSection(SolutionProperties) = preSolution
		HideSolutionNode = FALSE
	EndGlobalSection
	GlobalSection(NestedProjects) = preSolution
		{2C96B0EA-721D-4C7C-BF8A-DAEBBAF077D9} = {8D1BFD1E-CF3C-4803-B458-8E323E3AE163}
	EndGlobalSection
	GlobalSection(ExtensibilityGlobals) = postSolution
		SolutionGuid = {0BC641F3-5B77-47EE-A446-34223F436F83}
	EndGlobalSection
EndGlobal
